// !$*UTF8*$!
{
	archiveVersion = 1;
	classes = {
	};
	objectVersion = 56;
	objects = {

/* Begin PBXBuildFile section */
		5C4B31282ABA707600118033 /* CoinRowView.swift in Sources */ = {isa = PBXBuildFile; fileRef = 5C4B31272ABA707600118033 /* CoinRowView.swift */; };
		5C4B312A2ABA70D900118033 /* PreviewProvider.swift in Sources */ = {isa = PBXBuildFile; fileRef = 5C4B31292ABA70D900118033 /* PreviewProvider.swift */; };
		5C4B312C2ABA740000118033 /* Double.swift in Sources */ = {isa = PBXBuildFile; fileRef = 5C4B312B2ABA740000118033 /* Double.swift */; };
		5CB312AB2ABA209100495292 /* CryptoXApp.swift in Sources */ = {isa = PBXBuildFile; fileRef = 5CB312AA2ABA209100495292 /* CryptoXApp.swift */; };
		5CB312AD2ABA209100495292 /* ContentView.swift in Sources */ = {isa = PBXBuildFile; fileRef = 5CB312AC2ABA209100495292 /* ContentView.swift */; };
		5CB312AF2ABA209100495292 /* Assets.xcassets in Resources */ = {isa = PBXBuildFile; fileRef = 5CB312AE2ABA209100495292 /* Assets.xcassets */; };
		5CB312B22ABA209100495292 /* Preview Assets.xcassets in Resources */ = {isa = PBXBuildFile; fileRef = 5CB312B12ABA209100495292 /* Preview Assets.xcassets */; };
		5CB312BA2ABA239D00495292 /* Color.swift in Sources */ = {isa = PBXBuildFile; fileRef = 5CB312B92ABA239D00495292 /* Color.swift */; };
		5CB312C02ABA2EAE00495292 /* HomeView.swift in Sources */ = {isa = PBXBuildFile; fileRef = 5CB312BF2ABA2EAE00495292 /* HomeView.swift */; };
		5CB312C42ABA300500495292 /* CircleButtonView.swift in Sources */ = {isa = PBXBuildFile; fileRef = 5CB312C32ABA300500495292 /* CircleButtonView.swift */; };
		5CB312C62ABA34D200495292 /* CircleButtonAnimationView.swift in Sources */ = {isa = PBXBuildFile; fileRef = 5CB312C52ABA34D200495292 /* CircleButtonAnimationView.swift */; };
		5CB312C92ABA4C9700495292 /* CoinModel.swift in Sources */ = {isa = PBXBuildFile; fileRef = 5CB312C82ABA4C9700495292 /* CoinModel.swift */; };
		5CB312CB2ABCC61F00495292 /* HomeViewModel.swift in Sources */ = {isa = PBXBuildFile; fileRef = 5CB312CA2ABCC61F00495292 /* HomeViewModel.swift */; };
		5CB312CE2ABCDC2F00495292 /* CoinDataService.swift in Sources */ = {isa = PBXBuildFile; fileRef = 5CB312CD2ABCDC2F00495292 /* CoinDataService.swift */; };
		5CB312D12ABCE42F00495292 /* Kingfisher in Frameworks */ = {isa = PBXBuildFile; productRef = 5CB312D02ABCE42F00495292 /* Kingfisher */; };
		5CB312D42ABE21FA00495292 /* NetworkManager.swift in Sources */ = {isa = PBXBuildFile; fileRef = 5CB312D32ABE21FA00495292 /* NetworkManager.swift */; };
		5CB312D72AC0BE8200495292 /* CoinImageView.swift in Sources */ = {isa = PBXBuildFile; fileRef = 5CB312D62AC0BE8200495292 /* CoinImageView.swift */; };
		5CB312D92AC0C0C900495292 /* CoinImageService.swift in Sources */ = {isa = PBXBuildFile; fileRef = 5CB312D82AC0C0C900495292 /* CoinImageService.swift */; };
		5CB312DB2AC0C33D00495292 /* CoinImageViewModel.swift in Sources */ = {isa = PBXBuildFile; fileRef = 5CB312DA2AC0C33D00495292 /* CoinImageViewModel.swift */; };
/* End PBXBuildFile section */

/* Begin PBXFileReference section */
		5C4B31272ABA707600118033 /* CoinRowView.swift */ = {isa = PBXFileReference; lastKnownFileType = sourcecode.swift; path = CoinRowView.swift; sourceTree = "<group>"; };
		5C4B31292ABA70D900118033 /* PreviewProvider.swift */ = {isa = PBXFileReference; lastKnownFileType = sourcecode.swift; path = PreviewProvider.swift; sourceTree = "<group>"; };
		5C4B312B2ABA740000118033 /* Double.swift */ = {isa = PBXFileReference; lastKnownFileType = sourcecode.swift; path = Double.swift; sourceTree = "<group>"; };
		5CB312A72ABA209100495292 /* CryptoX.app */ = {isa = PBXFileReference; explicitFileType = wrapper.application; includeInIndex = 0; path = CryptoX.app; sourceTree = BUILT_PRODUCTS_DIR; };
		5CB312AA2ABA209100495292 /* CryptoXApp.swift */ = {isa = PBXFileReference; lastKnownFileType = sourcecode.swift; path = CryptoXApp.swift; sourceTree = "<group>"; };
		5CB312AC2ABA209100495292 /* ContentView.swift */ = {isa = PBXFileReference; lastKnownFileType = sourcecode.swift; path = ContentView.swift; sourceTree = "<group>"; };
		5CB312AE2ABA209100495292 /* Assets.xcassets */ = {isa = PBXFileReference; lastKnownFileType = folder.assetcatalog; path = Assets.xcassets; sourceTree = "<group>"; };
		5CB312B12ABA209100495292 /* Preview Assets.xcassets */ = {isa = PBXFileReference; lastKnownFileType = folder.assetcatalog; path = "Preview Assets.xcassets"; sourceTree = "<group>"; };
		5CB312B92ABA239D00495292 /* Color.swift */ = {isa = PBXFileReference; lastKnownFileType = sourcecode.swift; path = Color.swift; sourceTree = "<group>"; };
		5CB312BF2ABA2EAE00495292 /* HomeView.swift */ = {isa = PBXFileReference; lastKnownFileType = sourcecode.swift; path = HomeView.swift; sourceTree = "<group>"; };
		5CB312C32ABA300500495292 /* CircleButtonView.swift */ = {isa = PBXFileReference; lastKnownFileType = sourcecode.swift; path = CircleButtonView.swift; sourceTree = "<group>"; };
		5CB312C52ABA34D200495292 /* CircleButtonAnimationView.swift */ = {isa = PBXFileReference; lastKnownFileType = sourcecode.swift; path = CircleButtonAnimationView.swift; sourceTree = "<group>"; };
		5CB312C82ABA4C9700495292 /* CoinModel.swift */ = {isa = PBXFileReference; lastKnownFileType = sourcecode.swift; path = CoinModel.swift; sourceTree = "<group>"; };
		5CB312CA2ABCC61F00495292 /* HomeViewModel.swift */ = {isa = PBXFileReference; lastKnownFileType = sourcecode.swift; path = HomeViewModel.swift; sourceTree = "<group>"; };
		5CB312CD2ABCDC2F00495292 /* CoinDataService.swift */ = {isa = PBXFileReference; lastKnownFileType = sourcecode.swift; path = CoinDataService.swift; sourceTree = "<group>"; };
		5CB312D32ABE21FA00495292 /* NetworkManager.swift */ = {isa = PBXFileReference; lastKnownFileType = sourcecode.swift; path = NetworkManager.swift; sourceTree = "<group>"; };
		5CB312D62AC0BE8200495292 /* CoinImageView.swift */ = {isa = PBXFileReference; lastKnownFileType = sourcecode.swift; path = CoinImageView.swift; sourceTree = "<group>"; };
		5CB312D82AC0C0C900495292 /* CoinImageService.swift */ = {isa = PBXFileReference; lastKnownFileType = sourcecode.swift; path = CoinImageService.swift; sourceTree = "<group>"; };
		5CB312DA2AC0C33D00495292 /* CoinImageViewModel.swift */ = {isa = PBXFileReference; lastKnownFileType = sourcecode.swift; path = CoinImageViewModel.swift; sourceTree = "<group>"; };
/* End PBXFileReference section */

/* Begin PBXFrameworksBuildPhase section */
		5CB312A42ABA209100495292 /* Frameworks */ = {
			isa = PBXFrameworksBuildPhase;
			buildActionMask = 2147483647;
			files = (
				5CB312D12ABCE42F00495292 /* Kingfisher in Frameworks */,
			);
			runOnlyForDeploymentPostprocessing = 0;
		};
/* End PBXFrameworksBuildPhase section */

/* Begin PBXGroup section */
		5CB3129E2ABA209100495292 = {
			isa = PBXGroup;
			children = (
				5CB312A92ABA209100495292 /* CryptoX */,
				5CB312A82ABA209100495292 /* Products */,
			);
			sourceTree = "<group>";
		};
		5CB312A82ABA209100495292 /* Products */ = {
			isa = PBXGroup;
			children = (
				5CB312A72ABA209100495292 /* CryptoX.app */,
			);
			name = Products;
			sourceTree = "<group>";
		};
		5CB312A92ABA209100495292 /* CryptoX */ = {
			isa = PBXGroup;
			children = (
				5CB312D22ABE21CB00495292 /* Utilities */,
				5CB312CC2ABCDBF700495292 /* Services */,
				5CB312C72ABA4C7B00495292 /* Models */,
				5CB312BB2ABA2E8200495292 /* Core */,
				5CB312B82ABA238D00495292 /* Extensions */,
				5CB312AA2ABA209100495292 /* CryptoXApp.swift */,
				5CB312AC2ABA209100495292 /* ContentView.swift */,
				5CB312AE2ABA209100495292 /* Assets.xcassets */,
				5CB312B02ABA209100495292 /* Preview Content */,
			);
			path = CryptoX;
			sourceTree = "<group>";
		};
		5CB312B02ABA209100495292 /* Preview Content */ = {
			isa = PBXGroup;
			children = (
				5CB312B12ABA209100495292 /* Preview Assets.xcassets */,
			);
			path = "Preview Content";
			sourceTree = "<group>";
		};
		5CB312B82ABA238D00495292 /* Extensions */ = {
			isa = PBXGroup;
			children = (
				5CB312B92ABA239D00495292 /* Color.swift */,
				5C4B31292ABA70D900118033 /* PreviewProvider.swift */,
				5C4B312B2ABA740000118033 /* Double.swift */,
			);
			path = Extensions;
			sourceTree = "<group>";
		};
		5CB312BB2ABA2E8200495292 /* Core */ = {
			isa = PBXGroup;
			children = (
				5CB312C12ABA2FDD00495292 /* Components */,
				5CB312BC2ABA2E8E00495292 /* Home */,
			);
			path = Core;
			sourceTree = "<group>";
		};
		5CB312BC2ABA2E8E00495292 /* Home */ = {
			isa = PBXGroup;
			children = (
				5CB312BE2ABA2EA000495292 /* ViewModels */,
				5CB312BD2ABA2E9B00495292 /* Views */,
			);
			path = Home;
			sourceTree = "<group>";
		};
		5CB312BD2ABA2E9B00495292 /* Views */ = {
			isa = PBXGroup;
			children = (
				5CB312BF2ABA2EAE00495292 /* HomeView.swift */,
				5C4B31272ABA707600118033 /* CoinRowView.swift */,
			);
			path = Views;
			sourceTree = "<group>";
		};
		5CB312BE2ABA2EA000495292 /* ViewModels */ = {
			isa = PBXGroup;
			children = (
				5CB312CA2ABCC61F00495292 /* HomeViewModel.swift */,
			);
			path = ViewModels;
			sourceTree = "<group>";
		};
		5CB312C12ABA2FDD00495292 /* Components */ = {
			isa = PBXGroup;
			children = (
				5CB312D52AC0BE6E00495292 /* CoinImage */,
				5CB312C22ABA2FF400495292 /* CircleButtons */,
			);
			path = Components;
			sourceTree = "<group>";
		};
		5CB312C22ABA2FF400495292 /* CircleButtons */ = {
			isa = PBXGroup;
			children = (
				5CB312C32ABA300500495292 /* CircleButtonView.swift */,
				5CB312C52ABA34D200495292 /* CircleButtonAnimationView.swift */,
			);
			path = CircleButtons;
			sourceTree = "<group>";
		};
		5CB312C72ABA4C7B00495292 /* Models */ = {
			isa = PBXGroup;
			children = (
				5CB312C82ABA4C9700495292 /* CoinModel.swift */,
			);
			path = Models;
			sourceTree = "<group>";
		};
		5CB312CC2ABCDBF700495292 /* Services */ = {
			isa = PBXGroup;
			children = (
				5CB312CD2ABCDC2F00495292 /* CoinDataService.swift */,
				5CB312D82AC0C0C900495292 /* CoinImageService.swift */,
			);
			path = Services;
			sourceTree = "<group>";
		};
		5CB312D22ABE21CB00495292 /* Utilities */ = {
			isa = PBXGroup;
			children = (
				5CB312D32ABE21FA00495292 /* NetworkManager.swift */,
			);
			path = Utilities;
			sourceTree = "<group>";
		};
		5CB312D52AC0BE6E00495292 /* CoinImage */ = {
			isa = PBXGroup;
			children = (
				5CB312D62AC0BE8200495292 /* CoinImageView.swift */,
				5CB312DA2AC0C33D00495292 /* CoinImageViewModel.swift */,
			);
			path = CoinImage;
			sourceTree = "<group>";
		};
/* End PBXGroup section */

/* Begin PBXNativeTarget section */
		5CB312A62ABA209100495292 /* CryptoX */ = {
			isa = PBXNativeTarget;
			buildConfigurationList = 5CB312B52ABA209100495292 /* Build configuration list for PBXNativeTarget "CryptoX" */;
			buildPhases = (
				5CB312A32ABA209100495292 /* Sources */,
				5CB312A42ABA209100495292 /* Frameworks */,
				5CB312A52ABA209100495292 /* Resources */,
			);
			buildRules = (
			);
			dependencies = (
			);
			name = CryptoX;
			packageProductDependencies = (
				5CB312D02ABCE42F00495292 /* Kingfisher */,
			);
			productName = CryptoX;
			productReference = 5CB312A72ABA209100495292 /* CryptoX.app */;
			productType = "com.apple.product-type.application";
		};
/* End PBXNativeTarget section */

/* Begin PBXProject section */
		5CB3129F2ABA209100495292 /* Project object */ = {
			isa = PBXProject;
			attributes = {
				BuildIndependentTargetsInParallel = 1;
				LastSwiftUpdateCheck = 1430;
				LastUpgradeCheck = 1430;
				TargetAttributes = {
					5CB312A62ABA209100495292 = {
						CreatedOnToolsVersion = 14.3.1;
					};
				};
			};
			buildConfigurationList = 5CB312A22ABA209100495292 /* Build configuration list for PBXProject "CryptoX" */;
			compatibilityVersion = "Xcode 14.0";
			developmentRegion = en;
			hasScannedForEncodings = 0;
			knownRegions = (
				en,
				Base,
			);
			mainGroup = 5CB3129E2ABA209100495292;
			packageReferences = (
				5CB312CF2ABCE42F00495292 /* XCRemoteSwiftPackageReference "Kingfisher" */,
			);
			productRefGroup = 5CB312A82ABA209100495292 /* Products */;
			projectDirPath = "";
			projectRoot = "";
			targets = (
				5CB312A62ABA209100495292 /* CryptoX */,
			);
		};
/* End PBXProject section */

/* Begin PBXResourcesBuildPhase section */
		5CB312A52ABA209100495292 /* Resources */ = {
			isa = PBXResourcesBuildPhase;
			buildActionMask = 2147483647;
			files = (
				5CB312B22ABA209100495292 /* Preview Assets.xcassets in Resources */,
				5CB312AF2ABA209100495292 /* Assets.xcassets in Resources */,
			);
			runOnlyForDeploymentPostprocessing = 0;
		};
/* End PBXResourcesBuildPhase section */

/* Begin PBXSourcesBuildPhase section */
		5CB312A32ABA209100495292 /* Sources */ = {
			isa = PBXSourcesBuildPhase;
			buildActionMask = 2147483647;
			files = (
				5CB312CE2ABCDC2F00495292 /* CoinDataService.swift in Sources */,
				5C4B31282ABA707600118033 /* CoinRowView.swift in Sources */,
				5CB312CB2ABCC61F00495292 /* HomeViewModel.swift in Sources */,
				5CB312D42ABE21FA00495292 /* NetworkManager.swift in Sources */,
				5CB312AD2ABA209100495292 /* ContentView.swift in Sources */,
				5CB312D72AC0BE8200495292 /* CoinImageView.swift in Sources */,
				5CB312C02ABA2EAE00495292 /* HomeView.swift in Sources */,
				5CB312AB2ABA209100495292 /* CryptoXApp.swift in Sources */,
				5CB312C42ABA300500495292 /* CircleButtonView.swift in Sources */,
				5CB312BA2ABA239D00495292 /* Color.swift in Sources */,
				5CB312C62ABA34D200495292 /* CircleButtonAnimationView.swift in Sources */,
				5CB312DB2AC0C33D00495292 /* CoinImageViewModel.swift in Sources */,
				5C4B312A2ABA70D900118033 /* PreviewProvider.swift in Sources */,
				5C4B312C2ABA740000118033 /* Double.swift in Sources */,
				5CB312D92AC0C0C900495292 /* CoinImageService.swift in Sources */,
				5CB312C92ABA4C9700495292 /* CoinModel.swift in Sources */,
			);
			runOnlyForDeploymentPostprocessing = 0;
		};
/* End PBXSourcesBuildPhase section */

/* Begin XCBuildConfiguration section */
		5CB312B32ABA209100495292 /* Debug */ = {
			isa = XCBuildConfiguration;
			buildSettings = {
				ALWAYS_SEARCH_USER_PATHS = NO;
				CLANG_ANALYZER_NONNULL = YES;
				CLANG_ANALYZER_NUMBER_OBJECT_CONVERSION = YES_AGGRESSIVE;
				CLANG_CXX_LANGUAGE_STANDARD = "gnu++20";
				CLANG_ENABLE_MODULES = YES;
				CLANG_ENABLE_OBJC_ARC = YES;
				CLANG_ENABLE_OBJC_WEAK = YES;
				CLANG_WARN_BLOCK_CAPTURE_AUTORELEASING = YES;
				CLANG_WARN_BOOL_CONVERSION = YES;
				CLANG_WARN_COMMA = YES;
				CLANG_WARN_CONSTANT_CONVERSION = YES;
				CLANG_WARN_DEPRECATED_OBJC_IMPLEMENTATIONS = YES;
				CLANG_WARN_DIRECT_OBJC_ISA_USAGE = YES_ERROR;
				CLANG_WARN_DOCUMENTATION_COMMENTS = YES;
				CLANG_WARN_EMPTY_BODY = YES;
				CLANG_WARN_ENUM_CONVERSION = YES;
				CLANG_WARN_INFINITE_RECURSION = YES;
				CLANG_WARN_INT_CONVERSION = YES;
				CLANG_WARN_NON_LITERAL_NULL_CONVERSION = YES;
				CLANG_WARN_OBJC_IMPLICIT_RETAIN_SELF = YES;
				CLANG_WARN_OBJC_LITERAL_CONVERSION = YES;
				CLANG_WARN_OBJC_ROOT_CLASS = YES_ERROR;
				CLANG_WARN_QUOTED_INCLUDE_IN_FRAMEWORK_HEADER = YES;
				CLANG_WARN_RANGE_LOOP_ANALYSIS = YES;
				CLANG_WARN_STRICT_PROTOTYPES = YES;
				CLANG_WARN_SUSPICIOUS_MOVE = YES;
				CLANG_WARN_UNGUARDED_AVAILABILITY = YES_AGGRESSIVE;
				CLANG_WARN_UNREACHABLE_CODE = YES;
				CLANG_WARN__DUPLICATE_METHOD_MATCH = YES;
				COPY_PHASE_STRIP = NO;
				DEBUG_INFORMATION_FORMAT = dwarf;
				ENABLE_STRICT_OBJC_MSGSEND = YES;
				ENABLE_TESTABILITY = YES;
				GCC_C_LANGUAGE_STANDARD = gnu11;
				GCC_DYNAMIC_NO_PIC = NO;
				GCC_NO_COMMON_BLOCKS = YES;
				GCC_OPTIMIZATION_LEVEL = 0;
				GCC_PREPROCESSOR_DEFINITIONS = (
					"DEBUG=1",
					"$(inherited)",
				);
				GCC_WARN_64_TO_32_BIT_CONVERSION = YES;
				GCC_WARN_ABOUT_RETURN_TYPE = YES_ERROR;
				GCC_WARN_UNDECLARED_SELECTOR = YES;
				GCC_WARN_UNINITIALIZED_AUTOS = YES_AGGRESSIVE;
				GCC_WARN_UNUSED_FUNCTION = YES;
				GCC_WARN_UNUSED_VARIABLE = YES;
				IPHONEOS_DEPLOYMENT_TARGET = 16.4;
				MTL_ENABLE_DEBUG_INFO = INCLUDE_SOURCE;
				MTL_FAST_MATH = YES;
				ONLY_ACTIVE_ARCH = YES;
				SDKROOT = iphoneos;
				SWIFT_ACTIVE_COMPILATION_CONDITIONS = DEBUG;
				SWIFT_OPTIMIZATION_LEVEL = "-Onone";
			};
			name = Debug;
		};
		5CB312B42ABA209100495292 /* Release */ = {
			isa = XCBuildConfiguration;
			buildSettings = {
				ALWAYS_SEARCH_USER_PATHS = NO;
				CLANG_ANALYZER_NONNULL = YES;
				CLANG_ANALYZER_NUMBER_OBJECT_CONVERSION = YES_AGGRESSIVE;
				CLANG_CXX_LANGUAGE_STANDARD = "gnu++20";
				CLANG_ENABLE_MODULES = YES;
				CLANG_ENABLE_OBJC_ARC = YES;
				CLANG_ENABLE_OBJC_WEAK = YES;
				CLANG_WARN_BLOCK_CAPTURE_AUTORELEASING = YES;
				CLANG_WARN_BOOL_CONVERSION = YES;
				CLANG_WARN_COMMA = YES;
				CLANG_WARN_CONSTANT_CONVERSION = YES;
				CLANG_WARN_DEPRECATED_OBJC_IMPLEMENTATIONS = YES;
				CLANG_WARN_DIRECT_OBJC_ISA_USAGE = YES_ERROR;
				CLANG_WARN_DOCUMENTATION_COMMENTS = YES;
				CLANG_WARN_EMPTY_BODY = YES;
				CLANG_WARN_ENUM_CONVERSION = YES;
				CLANG_WARN_INFINITE_RECURSION = YES;
				CLANG_WARN_INT_CONVERSION = YES;
				CLANG_WARN_NON_LITERAL_NULL_CONVERSION = YES;
				CLANG_WARN_OBJC_IMPLICIT_RETAIN_SELF = YES;
				CLANG_WARN_OBJC_LITERAL_CONVERSION = YES;
				CLANG_WARN_OBJC_ROOT_CLASS = YES_ERROR;
				CLANG_WARN_QUOTED_INCLUDE_IN_FRAMEWORK_HEADER = YES;
				CLANG_WARN_RANGE_LOOP_ANALYSIS = YES;
				CLANG_WARN_STRICT_PROTOTYPES = YES;
				CLANG_WARN_SUSPICIOUS_MOVE = YES;
				CLANG_WARN_UNGUARDED_AVAILABILITY = YES_AGGRESSIVE;
				CLANG_WARN_UNREACHABLE_CODE = YES;
				CLANG_WARN__DUPLICATE_METHOD_MATCH = YES;
				COPY_PHASE_STRIP = NO;
				DEBUG_INFORMATION_FORMAT = "dwarf-with-dsym";
				ENABLE_NS_ASSERTIONS = NO;
				ENABLE_STRICT_OBJC_MSGSEND = YES;
				GCC_C_LANGUAGE_STANDARD = gnu11;
				GCC_NO_COMMON_BLOCKS = YES;
				GCC_WARN_64_TO_32_BIT_CONVERSION = YES;
				GCC_WARN_ABOUT_RETURN_TYPE = YES_ERROR;
				GCC_WARN_UNDECLARED_SELECTOR = YES;
				GCC_WARN_UNINITIALIZED_AUTOS = YES_AGGRESSIVE;
				GCC_WARN_UNUSED_FUNCTION = YES;
				GCC_WARN_UNUSED_VARIABLE = YES;
				IPHONEOS_DEPLOYMENT_TARGET = 16.4;
				MTL_ENABLE_DEBUG_INFO = NO;
				MTL_FAST_MATH = YES;
				SDKROOT = iphoneos;
				SWIFT_COMPILATION_MODE = wholemodule;
				SWIFT_OPTIMIZATION_LEVEL = "-O";
				VALIDATE_PRODUCT = YES;
			};
			name = Release;
		};
		5CB312B62ABA209100495292 /* Debug */ = {
			isa = XCBuildConfiguration;
			buildSettings = {
				ASSETCATALOG_COMPILER_APPICON_NAME = AppIcon;
				ASSETCATALOG_COMPILER_GLOBAL_ACCENT_COLOR_NAME = AccentColor;
				CODE_SIGN_STYLE = Automatic;
				CURRENT_PROJECT_VERSION = 1;
				DEVELOPMENT_ASSET_PATHS = "\"CryptoX/Preview Content\"";
				DEVELOPMENT_TEAM = 9NHVUWY5RP;
				ENABLE_PREVIEWS = YES;
				GENERATE_INFOPLIST_FILE = YES;
				INFOPLIST_KEY_CFBundleDisplayName = CryptoTracker;
				INFOPLIST_KEY_UIApplicationSceneManifest_Generation = YES;
				INFOPLIST_KEY_UIApplicationSupportsIndirectInputEvents = YES;
				INFOPLIST_KEY_UILaunchScreen_Generation = YES;
				INFOPLIST_KEY_UISupportedInterfaceOrientations = UIInterfaceOrientationPortrait;
				LD_RUNPATH_SEARCH_PATHS = (
					"$(inherited)",
					"@executable_path/Frameworks",
				);
				MARKETING_VERSION = 1.0;
				PRODUCT_BUNDLE_IDENTIFIER = boboz.CryptoX;
				PRODUCT_NAME = "$(TARGET_NAME)";
				SUPPORTED_PLATFORMS = "iphoneos iphonesimulator";
				SUPPORTS_MACCATALYST = NO;
				SUPPORTS_MAC_DESIGNED_FOR_IPHONE_IPAD = NO;
				SWIFT_EMIT_LOC_STRINGS = YES;
				SWIFT_VERSION = 5.0;
				TARGETED_DEVICE_FAMILY = "1,2";
			};
			name = Debug;
		};
		5CB312B72ABA209100495292 /* Release */ = {
			isa = XCBuildConfiguration;
			buildSettings = {
				ASSETCATALOG_COMPILER_APPICON_NAME = AppIcon;
				ASSETCATALOG_COMPILER_GLOBAL_ACCENT_COLOR_NAME = AccentColor;
				CODE_SIGN_STYLE = Automatic;
				CURRENT_PROJECT_VERSION = 1;
				DEVELOPMENT_ASSET_PATHS = "\"CryptoX/Preview Content\"";
				DEVELOPMENT_TEAM = 9NHVUWY5RP;
				ENABLE_PREVIEWS = YES;
				GENERATE_INFOPLIST_FILE = YES;
				INFOPLIST_KEY_CFBundleDisplayName = CryptoTracker;
				INFOPLIST_KEY_UIApplicationSceneManifest_Generation = YES;
				INFOPLIST_KEY_UIApplicationSupportsIndirectInputEvents = YES;
				INFOPLIST_KEY_UILaunchScreen_Generation = YES;
				INFOPLIST_KEY_UISupportedInterfaceOrientations = UIInterfaceOrientationPortrait;
				LD_RUNPATH_SEARCH_PATHS = (
					"$(inherited)",
					"@executable_path/Frameworks",
				);
				MARKETING_VERSION = 1.0;
				PRODUCT_BUNDLE_IDENTIFIER = boboz.CryptoX;
				PRODUCT_NAME = "$(TARGET_NAME)";
				SUPPORTED_PLATFORMS = "iphoneos iphonesimulator";
				SUPPORTS_MACCATALYST = NO;
				SUPPORTS_MAC_DESIGNED_FOR_IPHONE_IPAD = NO;
				SWIFT_EMIT_LOC_STRINGS = YES;
				SWIFT_VERSION = 5.0;
				TARGETED_DEVICE_FAMILY = "1,2";
			};
			name = Release;
		};
/* End XCBuildConfiguration section */

/* Begin XCConfigurationList section */
		5CB312A22ABA209100495292 /* Build configuration list for PBXProject "CryptoX" */ = {
			isa = XCConfigurationList;
			buildConfigurations = (
				5CB312B32ABA209100495292 /* Debug */,
				5CB312B42ABA209100495292 /* Release */,
			);
			defaultConfigurationIsVisible = 0;
			defaultConfigurationName = Release;
		};
		5CB312B52ABA209100495292 /* Build configuration list for PBXNativeTarget "CryptoX" */ = {
			isa = XCConfigurationList;
			buildConfigurations = (
				5CB312B62ABA209100495292 /* Debug */,
				5CB312B72ABA209100495292 /* Release */,
			);
			defaultConfigurationIsVisible = 0;
			defaultConfigurationName = Release;
		};
/* End XCConfigurationList section */

/* Begin XCRemoteSwiftPackageReference section */
		5CB312CF2ABCE42F00495292 /* XCRemoteSwiftPackageReference "Kingfisher" */ = {
			isa = XCRemoteSwiftPackageReference;
			repositoryURL = "https://github.com/onevcat/Kingfisher.git";
			requirement = {
				kind = upToNextMajorVersion;
				minimumVersion = 7.0.0;
			};
		};
/* End XCRemoteSwiftPackageReference section */

/* Begin XCSwiftPackageProductDependency section */
		5CB312D02ABCE42F00495292 /* Kingfisher */ = {
			isa = XCSwiftPackageProductDependency;
			package = 5CB312CF2ABCE42F00495292 /* XCRemoteSwiftPackageReference "Kingfisher" */;
			productName = Kingfisher;
		};
/* End XCSwiftPackageProductDependency section */
	};
	rootObject = 5CB3129F2ABA209100495292 /* Project object */;
}
